{
  "originHash" : "dc6d657609bd13c1bfcebfc6eff42c190de55d52082f6c632060d3362c54f0ee",
  "pins" : [
    {
      "identity" : "keychainaccess",
      "kind" : "remoteSourceControl",
      "location" : "https://github.com/kishikawakatsumi/KeychainAccess",
      "state" : {
        "branch" : "master",
        "revision" : "e0c7eebc5a4465a3c4680764f26b7a61f567cdaf"
      }
    },
    {
      "identity" : "transmission-swift",
      "kind" : "remoteSourceControl",
      "location" : "https://github.com/jameshurst/Transmission-Swift.git",
      "state" : {
        "revision" : "28f50f2a7943351e6059dc95d3cb28a60e9c8607",
        "version" : "1.0.2"
      }
    }
  ],
  "version" : 3
}
